
Microsoft Visual Studio Solution File, Format Version 12.00
# Visual Studio Version 16
VisualStudioVersion = 16.0.29509.3
MinimumVisualStudioVersion = 10.0.40219.1
Project("{9A19103F-16F7-4668-BE54-9A1E7A4F7556}") = "LiteHR", "LiteHR\LiteHR.csproj", "{994E0518-6862-4A9F-BDF7-AB0D8C8CEC92}"
EndProject
Global
	GlobalSection(SolutionConfigurationPlatforms) = preSolution
		Debug|Any CPU = Debug|Any CPU
		Release|Any CPU = Release|Any CPU
	EndGlobalSection
	GlobalSection(ProjectConfigurationPlatforms) = postSolution
		{994E0518-6862-4A9F-BDF7-AB0D8C8CEC92}.Debug|Any CPU.ActiveCfg = Debug|Any CPU
		{994E0518-6862-4A9F-BDF7-AB0D8C8CEC92}.Debug|Any CPU.Build.0 = Debug|Any CPU
		{994E0518-6862-4A9F-BDF7-AB0D8C8CEC92}.Release|Any CPU.ActiveCfg = Release|Any CPU
		{994E0518-6862-4A9F-BDF7-AB0D8C8CEC92}.Release|Any CPU.Build.0 = Release|Any CPU
	EndGlobalSection
	GlobalSection(SolutionProperties) = preSolution
		HideSolutionNode = FALSE
	EndGlobalSection
	GlobalSection(ExtensibilityGlobals) = postSolution
		SolutionGuid = {5E7059F2-6D0A-4F98-97BE-AD0B650295D7}
	EndGlobalSection
EndGlobal
